
Microsoft Visual Studio Solution File, Format Version 12.00
# Visual Studio 14
VisualStudioVersion = 14.0.25420.1
MinimumVisualStudioVersion = 10.0.40219.1
Project("{FAE04EC0-301F-11D3-BF4B-00C04F79EFBC}") = "Task1", "Task1\Task1.csproj", "{271D7624-7DCF-47BA-AB15-281173DA5BA5}"
EndProject
Project("{FAE04EC0-301F-11D3-BF4B-00C04F79EFBC}") = "Task1.Tests", "Task1.Tests\Task1.Tests.csproj", "{B44D7DAC-3852-4243-839E-765A2A63A4F9}"
EndProject
Global
	GlobalSection(SolutionConfigurationPlatforms) = preSolution
		Debug|Any CPU = Debug|Any CPU
		Release|Any CPU = Release|Any CPU
	EndGlobalSection
	GlobalSection(ProjectConfigurationPlatforms) = postSolution
		{271D7624-7DCF-47BA-AB15-281173DA5BA5}.Debug|Any CPU.ActiveCfg = Debug|Any CPU
		{271D7624-7DCF-47BA-AB15-281173DA5BA5}.Debug|Any CPU.Build.0 = Debug|Any CPU
		{271D7624-7DCF-47BA-AB15-281173DA5BA5}.Release|Any CPU.ActiveCfg = Release|Any CPU
		{271D7624-7DCF-47BA-AB15-281173DA5BA5}.Release|Any CPU.Build.0 = Release|Any CPU
		{B44D7DAC-3852-4243-839E-765A2A63A4F9}.Debug|Any CPU.ActiveCfg = Debug|Any CPU
		{B44D7DAC-3852-4243-839E-765A2A63A4F9}.Debug|Any CPU.Build.0 = Debug|Any CPU
		{B44D7DAC-3852-4243-839E-765A2A63A4F9}.Release|Any CPU.ActiveCfg = Release|Any CPU
		{B44D7DAC-3852-4243-839E-765A2A63A4F9}.Release|Any CPU.Build.0 = Release|Any CPU
	EndGlobalSection
	GlobalSection(SolutionProperties) = preSolution
		HideSolutionNode = FALSE
	EndGlobalSection
EndGlobal
